GEM
  remote: https://rubygems.org/
  specs:
    event_emitter (0.2.6)
    eventmachine (1.2.7)
    faye-websocket (0.11.0)
      eventmachine (>= 0.12.0)
      websocket-driver (>= 0.5.1)
    json (2.5.1)
    websocket-driver (0.7.3)
      websocket-extensions (>= 0.1.0)
    websocket-extensions (0.1.5)

PLATFORMS
  ruby

DEPENDENCIES
  event_emitter
  eventmachine
  faye-websocket
  json

BUNDLED WITH
   1.17.2
